
Microsoft Visual Studio Solution File, Format Version 12.00
# Visual Studio Version 17
VisualStudioVersion = 17.0.32112.339
MinimumVisualStudioVersion = 10.0.40219.1
Project("{FAE04EC0-301F-11D3-BF4B-00C04F79EFBC}") = "ModernUI", "ModernUI\ModernUI.csproj", "{95A8FDC9-9A77-412C-9D87-1307985DB31C}"
EndProject
Project("{54435603-DBB4-11D2-8724-00A0C9A8B90C}") = "MysticUI-Installer", "MysticUI-Installer\MysticUI-Installer.vdproj", "{C18E6D0C-2C3A-4A41-BB46-1F120C875C8C}"
EndProject
Global
	GlobalSection(SolutionConfigurationPlatforms) = preSolution
		Debug|Any CPU = Debug|Any CPU
		Release|Any CPU = Release|Any CPU
	EndGlobalSection
	GlobalSection(ProjectConfigurationPlatforms) = postSolution
		{95A8FDC9-9A77-412C-9D87-1307985DB31C}.Debug|Any CPU.ActiveCfg = Debug|Any CPU
		{95A8FDC9-9A77-412C-9D87-1307985DB31C}.Debug|Any CPU.Build.0 = Debug|Any CPU
		{95A8FDC9-9A77-412C-9D87-1307985DB31C}.Release|Any CPU.ActiveCfg = Release|Any CPU
		{95A8FDC9-9A77-412C-9D87-1307985DB31C}.Release|Any CPU.Build.0 = Release|Any CPU
		{C18E6D0C-2C3A-4A41-BB46-1F120C875C8C}.Debug|Any CPU.ActiveCfg = Debug
		{C18E6D0C-2C3A-4A41-BB46-1F120C875C8C}.Release|Any CPU.ActiveCfg = Release
	EndGlobalSection
	GlobalSection(SolutionProperties) = preSolution
		HideSolutionNode = FALSE
	EndGlobalSection
	GlobalSection(ExtensibilityGlobals) = postSolution
		SolutionGuid = {8799C2E3-5ADB-4FA1-82D6-A7B1290339D2}
	EndGlobalSection
EndGlobal
